// !$*UTF8*$!
{
	archiveVersion = 1;
	classes = {
	};
	objectVersion = 51;
	objects = {

/* Begin PBXBuildFile section */
		7546D5CBF9656698C3B4EE67 /* Pods_FirebaseLogin.framework in Frameworks */ = {isa = PBXBuildFile; fileRef = A58E125ED2F2E0CA55E61420 /* Pods_FirebaseLogin.framework */; };
		755A3377930708E3AFE1FC1F /* Pods_FirebaseLogin_FirebaseLoginUITests.framework in Frameworks */ = {isa = PBXBuildFile; fileRef = 4DEA493854F39ADAE3C8DABB /* Pods_FirebaseLogin_FirebaseLoginUITests.framework */; };
		882C1A07267641AA00F9A445 /* AppDelegate.swift in Sources */ = {isa = PBXBuildFile; fileRef = 882C1A06267641AA00F9A445 /* AppDelegate.swift */; };
		882C1A09267641AA00F9A445 /* SceneDelegate.swift in Sources */ = {isa = PBXBuildFile; fileRef = 882C1A08267641AA00F9A445 /* SceneDelegate.swift */; };
		882C1A0B267641AA00F9A445 /* PublicVC.swift in Sources */ = {isa = PBXBuildFile; fileRef = 882C1A0A267641AA00F9A445 /* PublicVC.swift */; };
		882C1A10267641AC00F9A445 /* Assets.xcassets in Resources */ = {isa = PBXBuildFile; fileRef = 882C1A0F267641AC00F9A445 /* Assets.xcassets */; };
		882C1A13267641AC00F9A445 /* LaunchScreen.storyboard in Resources */ = {isa = PBXBuildFile; fileRef = 882C1A11267641AC00F9A445 /* LaunchScreen.storyboard */; };
		882C1A1E267641AC00F9A445 /* FirebaseLoginTests.swift in Sources */ = {isa = PBXBuildFile; fileRef = 882C1A1D267641AC00F9A445 /* FirebaseLoginTests.swift */; };
		882C1A29267641AC00F9A445 /* FirebaseLoginUITests.swift in Sources */ = {isa = PBXBuildFile; fileRef = 882C1A28267641AC00F9A445 /* FirebaseLoginUITests.swift */; };
		882C1A48267643FD00F9A445 /* FormStyleUtil.swift in Sources */ = {isa = PBXBuildFile; fileRef = 882C1A47267643FD00F9A445 /* FormStyleUtil.swift */; };
		882C1A5626765E0700F9A445 /* SignUpVC.swift in Sources */ = {isa = PBXBuildFile; fileRef = 882C1A5526765E0700F9A445 /* SignUpVC.swift */; };
		882C1A5D26765F3000F9A445 /* CustomTextField.swift in Sources */ = {isa = PBXBuildFile; fileRef = 882C1A5C26765F3000F9A445 /* CustomTextField.swift */; };
		885D26BB2679504D00874CFD /* LoginVC.swift in Sources */ = {isa = PBXBuildFile; fileRef = 885D26BA2679504D00874CFD /* LoginVC.swift */; };
		885D26C8267966BC00874CFD /* loginbg.mp4 in Resources */ = {isa = PBXBuildFile; fileRef = 885D26C7267966BC00874CFD /* loginbg.mp4 */; };
		885D26CE2679E40700874CFD /* UIViewController+Extensions.swift in Sources */ = {isa = PBXBuildFile; fileRef = 885D26CD2679E40700874CFD /* UIViewController+Extensions.swift */; };
		885D26D6267A168B00874CFD /* FormInputField.swift in Sources */ = {isa = PBXBuildFile; fileRef = 885D26D5267A168B00874CFD /* FormInputField.swift */; };
		885D26F2267B733400874CFD /* SignUpVM.swift in Sources */ = {isa = PBXBuildFile; fileRef = 885D26F1267B733400874CFD /* SignUpVM.swift */; };
		885D26F7267B8D9500874CFD /* ValidatorsUtil.swift in Sources */ = {isa = PBXBuildFile; fileRef = 885D26F6267B8D9500874CFD /* ValidatorsUtil.swift */; };
		885D27BA267D320C00874CFD /* GoogleService-Info.plist in Resources */ = {isa = PBXBuildFile; fileRef = 885D27B9267D320C00874CFD /* GoogleService-Info.plist */; };
		885D281A2680834500874CFD /* LoginVM.swift in Sources */ = {isa = PBXBuildFile; fileRef = 885D28192680834500874CFD /* LoginVM.swift */; };
		CB01921B9A558935936938A0 /* Pods_FirebaseLoginTests.framework in Frameworks */ = {isa = PBXBuildFile; fileRef = E67E13312D98968BD362E05F /* Pods_FirebaseLoginTests.framework */; };
/* End PBXBuildFile section */

/* Begin PBXContainerItemProxy section */
		882C1A1A267641AC00F9A445 /* PBXContainerItemProxy */ = {
			isa = PBXContainerItemProxy;
			containerPortal = 882C19FB267641AA00F9A445 /* Project object */;
			proxyType = 1;
			remoteGlobalIDString = 882C1A02267641AA00F9A445;
			remoteInfo = FirebaseLogin;
		};
		882C1A25267641AC00F9A445 /* PBXContainerItemProxy */ = {
			isa = PBXContainerItemProxy;
			containerPortal = 882C19FB267641AA00F9A445 /* Project object */;
			proxyType = 1;
			remoteGlobalIDString = 882C1A02267641AA00F9A445;
			remoteInfo = FirebaseLogin;
		};
/* End PBXContainerItemProxy section */

/* Begin PBXCopyFilesBuildPhase section */
		889391AD26847AFE00254AF6 /* Embed App Extensions */ = {
			isa = PBXCopyFilesBuildPhase;
			buildActionMask = 2147483647;
			dstPath = "";
			dstSubfolderSpec = 13;
			files = (
			);
			name = "Embed App Extensions";
			runOnlyForDeploymentPostprocessing = 0;
		};
/* End PBXCopyFilesBuildPhase section */

/* Begin PBXFileReference section */
		07713B69B50D2C361D702825 /* Pods-FirebaseLoginTests.debug.xcconfig */ = {isa = PBXFileReference; includeInIndex = 1; lastKnownFileType = text.xcconfig; name = "Pods-FirebaseLoginTests.debug.xcconfig"; path = "Target Support Files/Pods-FirebaseLoginTests/Pods-FirebaseLoginTests.debug.xcconfig"; sourceTree = "<group>"; };
		4DEA493854F39ADAE3C8DABB /* Pods_FirebaseLogin_FirebaseLoginUITests.framework */ = {isa = PBXFileReference; explicitFileType = wrapper.framework; includeInIndex = 0; path = Pods_FirebaseLogin_FirebaseLoginUITests.framework; sourceTree = BUILT_PRODUCTS_DIR; };
		82135FB0595A2C751DABB081 /* Pods-FirebaseLogin.release.xcconfig */ = {isa = PBXFileReference; includeInIndex = 1; lastKnownFileType = text.xcconfig; name = "Pods-FirebaseLogin.release.xcconfig"; path = "Target Support Files/Pods-FirebaseLogin/Pods-FirebaseLogin.release.xcconfig"; sourceTree = "<group>"; };
		8762187777BA5BF7C07F40F1 /* Pods-FirebaseLogin-FirebaseLoginUITests.debug.xcconfig */ = {isa = PBXFileReference; includeInIndex = 1; lastKnownFileType = text.xcconfig; name = "Pods-FirebaseLogin-FirebaseLoginUITests.debug.xcconfig"; path = "Target Support Files/Pods-FirebaseLogin-FirebaseLoginUITests/Pods-FirebaseLogin-FirebaseLoginUITests.debug.xcconfig"; sourceTree = "<group>"; };
		882C1A03267641AA00F9A445 /* FirebaseLogin.app */ = {isa = PBXFileReference; explicitFileType = wrapper.application; includeInIndex = 0; path = FirebaseLogin.app; sourceTree = BUILT_PRODUCTS_DIR; };
		882C1A06267641AA00F9A445 /* AppDelegate.swift */ = {isa = PBXFileReference; lastKnownFileType = sourcecode.swift; path = AppDelegate.swift; sourceTree = "<group>"; };
		882C1A08267641AA00F9A445 /* SceneDelegate.swift */ = {isa = PBXFileReference; lastKnownFileType = sourcecode.swift; path = SceneDelegate.swift; sourceTree = "<group>"; };
		882C1A0A267641AA00F9A445 /* PublicVC.swift */ = {isa = PBXFileReference; lastKnownFileType = sourcecode.swift; path = PublicVC.swift; sourceTree = "<group>"; };
		882C1A0F267641AC00F9A445 /* Assets.xcassets */ = {isa = PBXFileReference; lastKnownFileType = folder.assetcatalog; path = Assets.xcassets; sourceTree = "<group>"; };
		882C1A12267641AC00F9A445 /* Base */ = {isa = PBXFileReference; lastKnownFileType = file.storyboard; name = Base; path = Base.lproj/LaunchScreen.storyboard; sourceTree = "<group>"; };
		882C1A14267641AC00F9A445 /* Info.plist */ = {isa = PBXFileReference; lastKnownFileType = text.plist.xml; path = Info.plist; sourceTree = "<group>"; };
		882C1A19267641AC00F9A445 /* FirebaseLoginTests.xctest */ = {isa = PBXFileReference; explicitFileType = wrapper.cfbundle; includeInIndex = 0; path = FirebaseLoginTests.xctest; sourceTree = BUILT_PRODUCTS_DIR; };
		882C1A1D267641AC00F9A445 /* FirebaseLoginTests.swift */ = {isa = PBXFileReference; lastKnownFileType = sourcecode.swift; path = FirebaseLoginTests.swift; sourceTree = "<group>"; };
		882C1A1F267641AC00F9A445 /* Info.plist */ = {isa = PBXFileReference; lastKnownFileType = text.plist.xml; path = Info.plist; sourceTree = "<group>"; };
		882C1A24267641AC00F9A445 /* FirebaseLoginUITests.xctest */ = {isa = PBXFileReference; explicitFileType = wrapper.cfbundle; includeInIndex = 0; path = FirebaseLoginUITests.xctest; sourceTree = BUILT_PRODUCTS_DIR; };
		882C1A28267641AC00F9A445 /* FirebaseLoginUITests.swift */ = {isa = PBXFileReference; lastKnownFileType = sourcecode.swift; path = FirebaseLoginUITests.swift; sourceTree = "<group>"; };
		882C1A2A267641AC00F9A445 /* Info.plist */ = {isa = PBXFileReference; lastKnownFileType = text.plist.xml; path = Info.plist; sourceTree = "<group>"; };
		882C1A47267643FD00F9A445 /* FormStyleUtil.swift */ = {isa = PBXFileReference; lastKnownFileType = sourcecode.swift; path = FormStyleUtil.swift; sourceTree = "<group>"; };
		882C1A5526765E0700F9A445 /* SignUpVC.swift */ = {isa = PBXFileReference; lastKnownFileType = sourcecode.swift; path = SignUpVC.swift; sourceTree = "<group>"; };
		882C1A5C26765F3000F9A445 /* CustomTextField.swift */ = {isa = PBXFileReference; lastKnownFileType = sourcecode.swift; path = CustomTextField.swift; sourceTree = "<group>"; };
		885D26BA2679504D00874CFD /* LoginVC.swift */ = {isa = PBXFileReference; lastKnownFileType = sourcecode.swift; path = LoginVC.swift; sourceTree = "<group>"; };
		885D26C7267966BC00874CFD /* loginbg.mp4 */ = {isa = PBXFileReference; lastKnownFileType = file; path = loginbg.mp4; sourceTree = "<group>"; };
		885D26CD2679E40700874CFD /* UIViewController+Extensions.swift */ = {isa = PBXFileReference; lastKnownFileType = sourcecode.swift; path = "UIViewController+Extensions.swift"; sourceTree = "<group>"; };
		885D26D5267A168B00874CFD /* FormInputField.swift */ = {isa = PBXFileReference; lastKnownFileType = sourcecode.swift; path = FormInputField.swift; sourceTree = "<group>"; };
		885D26F1267B733400874CFD /* SignUpVM.swift */ = {isa = PBXFileReference; lastKnownFileType = sourcecode.swift; path = SignUpVM.swift; sourceTree = "<group>"; };
		885D26F6267B8D9500874CFD /* ValidatorsUtil.swift */ = {isa = PBXFileReference; lastKnownFileType = sourcecode.swift; path = ValidatorsUtil.swift; sourceTree = "<group>"; };
		885D27B9267D320C00874CFD /* GoogleService-Info.plist */ = {isa = PBXFileReference; fileEncoding = 4; lastKnownFileType = text.plist.xml; path = "GoogleService-Info.plist"; sourceTree = "<group>"; };
		885D28192680834500874CFD /* LoginVM.swift */ = {isa = PBXFileReference; lastKnownFileType = sourcecode.swift; path = LoginVM.swift; sourceTree = "<group>"; };
		889391A026847AFD00254AF6 /* WidgetKit.framework */ = {isa = PBXFileReference; lastKnownFileType = wrapper.framework; name = WidgetKit.framework; path = System/Library/Frameworks/WidgetKit.framework; sourceTree = SDKROOT; };
		889391A226847AFD00254AF6 /* SwiftUI.framework */ = {isa = PBXFileReference; lastKnownFileType = wrapper.framework; name = SwiftUI.framework; path = System/Library/Frameworks/SwiftUI.framework; sourceTree = SDKROOT; };
		9123DB226E4EC1306C0F8E93 /* Pods-FirebaseLogin.debug.xcconfig */ = {isa = PBXFileReference; includeInIndex = 1; lastKnownFileType = text.xcconfig; name = "Pods-FirebaseLogin.debug.xcconfig"; path = "Target Support Files/Pods-FirebaseLogin/Pods-FirebaseLogin.debug.xcconfig"; sourceTree = "<group>"; };
		A58E125ED2F2E0CA55E61420 /* Pods_FirebaseLogin.framework */ = {isa = PBXFileReference; explicitFileType = wrapper.framework; includeInIndex = 0; path = Pods_FirebaseLogin.framework; sourceTree = BUILT_PRODUCTS_DIR; };
		B701E47196D7819DD821113C /* Pods-FirebaseLogin-FirebaseLoginUITests.release.xcconfig */ = {isa = PBXFileReference; includeInIndex = 1; lastKnownFileType = text.xcconfig; name = "Pods-FirebaseLogin-FirebaseLoginUITests.release.xcconfig"; path = "Target Support Files/Pods-FirebaseLogin-FirebaseLoginUITests/Pods-FirebaseLogin-FirebaseLoginUITests.release.xcconfig"; sourceTree = "<group>"; };
		B73876EA0B69AA790367853E /* Pods-FirebaseLoginTests.release.xcconfig */ = {isa = PBXFileReference; includeInIndex = 1; lastKnownFileType = text.xcconfig; name = "Pods-FirebaseLoginTests.release.xcconfig"; path = "Target Support Files/Pods-FirebaseLoginTests/Pods-FirebaseLoginTests.release.xcconfig"; sourceTree = "<group>"; };
		E67E13312D98968BD362E05F /* Pods_FirebaseLoginTests.framework */ = {isa = PBXFileReference; explicitFileType = wrapper.framework; includeInIndex = 0; path = Pods_FirebaseLoginTests.framework; sourceTree = BUILT_PRODUCTS_DIR; };
/* End PBXFileReference section */

/* Begin PBXFrameworksBuildPhase section */
		882C1A00267641AA00F9A445 /* Frameworks */ = {
			isa = PBXFrameworksBuildPhase;
			buildActionMask = 2147483647;
			files = (
				7546D5CBF9656698C3B4EE67 /* Pods_FirebaseLogin.framework in Frameworks */,
			);
			runOnlyForDeploymentPostprocessing = 0;
		};
		882C1A16267641AC00F9A445 /* Frameworks */ = {
			isa = PBXFrameworksBuildPhase;
			buildActionMask = 2147483647;
			files = (
				CB01921B9A558935936938A0 /* Pods_FirebaseLoginTests.framework in Frameworks */,
			);
			runOnlyForDeploymentPostprocessing = 0;
		};
		882C1A21267641AC00F9A445 /* Frameworks */ = {
			isa = PBXFrameworksBuildPhase;
			buildActionMask = 2147483647;
			files = (
				755A3377930708E3AFE1FC1F /* Pods_FirebaseLogin_FirebaseLoginUITests.framework in Frameworks */,
			);
			runOnlyForDeploymentPostprocessing = 0;
		};
/* End PBXFrameworksBuildPhase section */

/* Begin PBXGroup section */
		092292250EDD695D1B6EFB03 /* Frameworks */ = {
			isa = PBXGroup;
			children = (
				A58E125ED2F2E0CA55E61420 /* Pods_FirebaseLogin.framework */,
				4DEA493854F39ADAE3C8DABB /* Pods_FirebaseLogin_FirebaseLoginUITests.framework */,
				E67E13312D98968BD362E05F /* Pods_FirebaseLoginTests.framework */,
				889391A026847AFD00254AF6 /* WidgetKit.framework */,
				889391A226847AFD00254AF6 /* SwiftUI.framework */,
			);
			name = Frameworks;
			sourceTree = "<group>";
		};
		756D111A384C4377622556F9 /* Pods */ = {
			isa = PBXGroup;
			children = (
				9123DB226E4EC1306C0F8E93 /* Pods-FirebaseLogin.debug.xcconfig */,
				82135FB0595A2C751DABB081 /* Pods-FirebaseLogin.release.xcconfig */,
				8762187777BA5BF7C07F40F1 /* Pods-FirebaseLogin-FirebaseLoginUITests.debug.xcconfig */,
				B701E47196D7819DD821113C /* Pods-FirebaseLogin-FirebaseLoginUITests.release.xcconfig */,
				07713B69B50D2C361D702825 /* Pods-FirebaseLoginTests.debug.xcconfig */,
				B73876EA0B69AA790367853E /* Pods-FirebaseLoginTests.release.xcconfig */,
			);
			path = Pods;
			sourceTree = "<group>";
		};
		882C19FA267641AA00F9A445 = {
			isa = PBXGroup;
			children = (
				882C1A05267641AA00F9A445 /* FirebaseLogin */,
				882C1A1C267641AC00F9A445 /* FirebaseLoginTests */,
				882C1A27267641AC00F9A445 /* FirebaseLoginUITests */,
				882C1A04267641AA00F9A445 /* Products */,
				756D111A384C4377622556F9 /* Pods */,
				092292250EDD695D1B6EFB03 /* Frameworks */,
			);
			sourceTree = "<group>";
		};
		882C1A04267641AA00F9A445 /* Products */ = {
			isa = PBXGroup;
			children = (
				882C1A03267641AA00F9A445 /* FirebaseLogin.app */,
				882C1A19267641AC00F9A445 /* FirebaseLoginTests.xctest */,
				882C1A24267641AC00F9A445 /* FirebaseLoginUITests.xctest */,
			);
			name = Products;
			sourceTree = "<group>";
		};
		882C1A05267641AA00F9A445 /* FirebaseLogin */ = {
			isa = PBXGroup;
			children = (
				885D27B9267D320C00874CFD /* GoogleService-Info.plist */,
				885D26C7267966BC00874CFD /* loginbg.mp4 */,
				882C1A5A26765EEE00F9A445 /* Common */,
				882C1A3C2676433100F9A445 /* SupportFiles */,
				882C1A06267641AA00F9A445 /* AppDelegate.swift */,
				882C1A08267641AA00F9A445 /* SceneDelegate.swift */,
				882C1A0A267641AA00F9A445 /* PublicVC.swift */,
				882C1A5526765E0700F9A445 /* SignUpVC.swift */,
				885D26BA2679504D00874CFD /* LoginVC.swift */,
				885D26F1267B733400874CFD /* SignUpVM.swift */,
				885D28192680834500874CFD /* LoginVM.swift */,
			);
			path = FirebaseLogin;
			sourceTree = "<group>";
		};
		882C1A1C267641AC00F9A445 /* FirebaseLoginTests */ = {
			isa = PBXGroup;
			children = (
				882C1A1D267641AC00F9A445 /* FirebaseLoginTests.swift */,
				882C1A1F267641AC00F9A445 /* Info.plist */,
			);
			path = FirebaseLoginTests;
			sourceTree = "<group>";
		};
		882C1A27267641AC00F9A445 /* FirebaseLoginUITests */ = {
			isa = PBXGroup;
			children = (
				882C1A28267641AC00F9A445 /* FirebaseLoginUITests.swift */,
				882C1A2A267641AC00F9A445 /* Info.plist */,
			);
			path = FirebaseLoginUITests;
			sourceTree = "<group>";
		};
		882C1A3C2676433100F9A445 /* SupportFiles */ = {
			isa = PBXGroup;
			children = (
				882C1A0F267641AC00F9A445 /* Assets.xcassets */,
				882C1A11267641AC00F9A445 /* LaunchScreen.storyboard */,
				882C1A14267641AC00F9A445 /* Info.plist */,
			);
			path = SupportFiles;
			sourceTree = "<group>";
		};
		882C1A46267643BE00F9A445 /* Utilities */ = {
			isa = PBXGroup;
			children = (
				882C1A47267643FD00F9A445 /* FormStyleUtil.swift */,
				885D26F6267B8D9500874CFD /* ValidatorsUtil.swift */,
			);
			path = Utilities;
			sourceTree = "<group>";
		};
		882C1A5A26765EEE00F9A445 /* Common */ = {
			isa = PBXGroup;
			children = (
				885D26CC2679E3ED00874CFD /* Extentions */,
				882C1A5B26765EFA00F9A445 /* CustomViews */,
				882C1A46267643BE00F9A445 /* Utilities */,
			);
			path = Common;
			sourceTree = "<group>";
		};
		882C1A5B26765EFA00F9A445 /* CustomViews */ = {
			isa = PBXGroup;
			children = (
				882C1A5C26765F3000F9A445 /* CustomTextField.swift */,
				885D26D5267A168B00874CFD /* FormInputField.swift */,
			);
			path = CustomViews;
			sourceTree = "<group>";
		};
		885D26CC2679E3ED00874CFD /* Extentions */ = {
			isa = PBXGroup;
			children = (
				885D26CD2679E40700874CFD /* UIViewController+Extensions.swift */,
			);
			path = Extentions;
			sourceTree = "<group>";
		};
/* End PBXGroup section */

/* Begin PBXNativeTarget section */
		882C1A02267641AA00F9A445 /* FirebaseLogin */ = {
			isa = PBXNativeTarget;
			buildConfigurationList = 882C1A2D267641AC00F9A445 /* Build configuration list for PBXNativeTarget "FirebaseLogin" */;
			buildPhases = (
				BB2FEBD49F2C646532B64629 /* [CP] Check Pods Manifest.lock */,
				882C19FF267641AA00F9A445 /* Sources */,
				882C1A00267641AA00F9A445 /* Frameworks */,
				882C1A01267641AA00F9A445 /* Resources */,
				C9CF76A8F367F7D9632DBC4F /* [CP] Embed Pods Frameworks */,
				889391AD26847AFE00254AF6 /* Embed App Extensions */,
			);
			buildRules = (
			);
			dependencies = (
			);
			name = FirebaseLogin;
			productName = FirebaseLogin;
			productReference = 882C1A03267641AA00F9A445 /* FirebaseLogin.app */;
			productType = "com.apple.product-type.application";
		};
		882C1A18267641AC00F9A445 /* FirebaseLoginTests */ = {
			isa = PBXNativeTarget;
			buildConfigurationList = 882C1A30267641AC00F9A445 /* Build configuration list for PBXNativeTarget "FirebaseLoginTests" */;
			buildPhases = (
				8DF2ED3B30399E90389C20E0 /* [CP] Check Pods Manifest.lock */,
				882C1A15267641AC00F9A445 /* Sources */,
				882C1A16267641AC00F9A445 /* Frameworks */,
				882C1A17267641AC00F9A445 /* Resources */,
			);
			buildRules = (
			);
			dependencies = (
				882C1A1B267641AC00F9A445 /* PBXTargetDependency */,
			);
			name = FirebaseLoginTests;
			productName = FirebaseLoginTests;
			productReference = 882C1A19267641AC00F9A445 /* FirebaseLoginTests.xctest */;
			productType = "com.apple.product-type.bundle.unit-test";
		};
		882C1A23267641AC00F9A445 /* FirebaseLoginUITests */ = {
			isa = PBXNativeTarget;
			buildConfigurationList = 882C1A33267641AC00F9A445 /* Build configuration list for PBXNativeTarget "FirebaseLoginUITests" */;
			buildPhases = (
				4CD3336D640AFE76DB17B84B /* [CP] Check Pods Manifest.lock */,
				882C1A20267641AC00F9A445 /* Sources */,
				882C1A21267641AC00F9A445 /* Frameworks */,
				882C1A22267641AC00F9A445 /* Resources */,
				393431FC18A517F10F4AFE50 /* [CP] Embed Pods Frameworks */,
			);
			buildRules = (
			);
			dependencies = (
				882C1A26267641AC00F9A445 /* PBXTargetDependency */,
			);
			name = FirebaseLoginUITests;
			productName = FirebaseLoginUITests;
			productReference = 882C1A24267641AC00F9A445 /* FirebaseLoginUITests.xctest */;
			productType = "com.apple.product-type.bundle.ui-testing";
		};
/* End PBXNativeTarget section */

/* Begin PBXProject section */
		882C19FB267641AA00F9A445 /* Project object */ = {
			isa = PBXProject;
			attributes = {
				LastSwiftUpdateCheck = 1240;
				LastUpgradeCheck = 1240;
				TargetAttributes = {
					882C1A02267641AA00F9A445 = {
						CreatedOnToolsVersion = 12.4;
					};
					882C1A18267641AC00F9A445 = {
						CreatedOnToolsVersion = 12.4;
						TestTargetID = 882C1A02267641AA00F9A445;
					};
					882C1A23267641AC00F9A445 = {
						CreatedOnToolsVersion = 12.4;
						TestTargetID = 882C1A02267641AA00F9A445;
					};
				};
			};
			buildConfigurationList = 882C19FE267641AA00F9A445 /* Build configuration list for PBXProject "FirebaseLogin" */;
			compatibilityVersion = "Xcode 9.3";
			developmentRegion = en;
			hasScannedForEncodings = 0;
			knownRegions = (
				en,
				Base,
			);
			mainGroup = 882C19FA267641AA00F9A445;
			productRefGroup = 882C1A04267641AA00F9A445 /* Products */;
			projectDirPath = "";
			projectRoot = "";
			targets = (
				882C1A02267641AA00F9A445 /* FirebaseLogin */,
				882C1A18267641AC00F9A445 /* FirebaseLoginTests */,
				882C1A23267641AC00F9A445 /* FirebaseLoginUITests */,
			);
		};
/* End PBXProject section */

/* Begin PBXResourcesBuildPhase section */
		882C1A01267641AA00F9A445 /* Resources */ = {
			isa = PBXResourcesBuildPhase;
			buildActionMask = 2147483647;
			files = (
				882C1A13267641AC00F9A445 /* LaunchScreen.storyboard in Resources */,
				885D27BA267D320C00874CFD /* GoogleService-Info.plist in Resources */,
				885D26C8267966BC00874CFD /* loginbg.mp4 in Resources */,
				882C1A10267641AC00F9A445 /* Assets.xcassets in Resources */,
			);
			runOnlyForDeploymentPostprocessing = 0;
		};
		882C1A17267641AC00F9A445 /* Resources */ = {
			isa = PBXResourcesBuildPhase;
			buildActionMask = 2147483647;
			files = (
			);
			runOnlyForDeploymentPostprocessing = 0;
		};
		882C1A22267641AC00F9A445 /* Resources */ = {
			isa = PBXResourcesBuildPhase;
			buildActionMask = 2147483647;
			files = (
			);
			runOnlyForDeploymentPostprocessing = 0;
		};
/* End PBXResourcesBuildPhase section */

/* Begin PBXShellScriptBuildPhase section */
		393431FC18A517F10F4AFE50 /* [CP] Embed Pods Frameworks */ = {
			isa = PBXShellScriptBuildPhase;
			buildActionMask = 2147483647;
			files = (
			);
			inputFileListPaths = (
				"${PODS_ROOT}/Target Support Files/Pods-FirebaseLogin-FirebaseLoginUITests/Pods-FirebaseLogin-FirebaseLoginUITests-frameworks-${CONFIGURATION}-input-files.xcfilelist",
			);
			name = "[CP] Embed Pods Frameworks";
			outputFileListPaths = (
				"${PODS_ROOT}/Target Support Files/Pods-FirebaseLogin-FirebaseLoginUITests/Pods-FirebaseLogin-FirebaseLoginUITests-frameworks-${CONFIGURATION}-output-files.xcfilelist",
			);
			runOnlyForDeploymentPostprocessing = 0;
			shellPath = /bin/sh;
			shellScript = "\"${PODS_ROOT}/Target Support Files/Pods-FirebaseLogin-FirebaseLoginUITests/Pods-FirebaseLogin-FirebaseLoginUITests-frameworks.sh\"\n";
			showEnvVarsInLog = 0;
		};
		4CD3336D640AFE76DB17B84B /* [CP] Check Pods Manifest.lock */ = {
			isa = PBXShellScriptBuildPhase;
			buildActionMask = 2147483647;
			files = (
			);
			inputFileListPaths = (
			);
			inputPaths = (
				"${PODS_PODFILE_DIR_PATH}/Podfile.lock",
				"${PODS_ROOT}/Manifest.lock",
			);
			name = "[CP] Check Pods Manifest.lock";
			outputFileListPaths = (
			);
			outputPaths = (
				"$(DERIVED_FILE_DIR)/Pods-FirebaseLogin-FirebaseLoginUITests-checkManifestLockResult.txt",
			);
			runOnlyForDeploymentPostprocessing = 0;
			shellPath = /bin/sh;
			shellScript = "diff \"${PODS_PODFILE_DIR_PATH}/Podfile.lock\" \"${PODS_ROOT}/Manifest.lock\" > /dev/null\nif [ $? != 0 ] ; then\n    # print error to STDERR\n    echo \"error: The sandbox is not in sync with the Podfile.lock. Run 'pod install' or update your CocoaPods installation.\" >&2\n    exit 1\nfi\n# This output is used by Xcode 'outputs' to avoid re-running this script phase.\necho \"SUCCESS\" > \"${SCRIPT_OUTPUT_FILE_0}\"\n";
			showEnvVarsInLog = 0;
		};
		8DF2ED3B30399E90389C20E0 /* [CP] Check Pods Manifest.lock */ = {
			isa = PBXShellScriptBuildPhase;
			buildActionMask = 2147483647;
			files = (
			);
			inputFileListPaths = (
			);
			inputPaths = (
				"${PODS_PODFILE_DIR_PATH}/Podfile.lock",
				"${PODS_ROOT}/Manifest.lock",
			);
			name = "[CP] Check Pods Manifest.lock";
			outputFileListPaths = (
			);
			outputPaths = (
				"$(DERIVED_FILE_DIR)/Pods-FirebaseLoginTests-checkManifestLockResult.txt",
			);
			runOnlyForDeploymentPostprocessing = 0;
			shellPath = /bin/sh;
			shellScript = "diff \"${PODS_PODFILE_DIR_PATH}/Podfile.lock\" \"${PODS_ROOT}/Manifest.lock\" > /dev/null\nif [ $? != 0 ] ; then\n    # print error to STDERR\n    echo \"error: The sandbox is not in sync with the Podfile.lock. Run 'pod install' or update your CocoaPods installation.\" >&2\n    exit 1\nfi\n# This output is used by Xcode 'outputs' to avoid re-running this script phase.\necho \"SUCCESS\" > \"${SCRIPT_OUTPUT_FILE_0}\"\n";
			showEnvVarsInLog = 0;
		};
		BB2FEBD49F2C646532B64629 /* [CP] Check Pods Manifest.lock */ = {
			isa = PBXShellScriptBuildPhase;
			buildActionMask = 2147483647;
			files = (
			);
			inputFileListPaths = (
			);
			inputPaths = (
				"${PODS_PODFILE_DIR_PATH}/Podfile.lock",
				"${PODS_ROOT}/Manifest.lock",
			);
			name = "[CP] Check Pods Manifest.lock";
			outputFileListPaths = (
			);
			outputPaths = (
				"$(DERIVED_FILE_DIR)/Pods-FirebaseLogin-checkManifestLockResult.txt",
			);
			runOnlyForDeploymentPostprocessing = 0;
			shellPath = /bin/sh;
			shellScript = "diff \"${PODS_PODFILE_DIR_PATH}/Podfile.lock\" \"${PODS_ROOT}/Manifest.lock\" > /dev/null\nif [ $? != 0 ] ; then\n    # print error to STDERR\n    echo \"error: The sandbox is not in sync with the Podfile.lock. Run 'pod install' or update your CocoaPods installation.\" >&2\n    exit 1\nfi\n# This output is used by Xcode 'outputs' to avoid re-running this script phase.\necho \"SUCCESS\" > \"${SCRIPT_OUTPUT_FILE_0}\"\n";
			showEnvVarsInLog = 0;
		};
		C9CF76A8F367F7D9632DBC4F /* [CP] Embed Pods Frameworks */ = {
			isa = PBXShellScriptBuildPhase;
			buildActionMask = 2147483647;
			files = (
			);
			inputFileListPaths = (
				"${PODS_ROOT}/Target Support Files/Pods-FirebaseLogin/Pods-FirebaseLogin-frameworks-${CONFIGURATION}-input-files.xcfilelist",
			);
			name = "[CP] Embed Pods Frameworks";
			outputFileListPaths = (
				"${PODS_ROOT}/Target Support Files/Pods-FirebaseLogin/Pods-FirebaseLogin-frameworks-${CONFIGURATION}-output-files.xcfilelist",
			);
			runOnlyForDeploymentPostprocessing = 0;
			shellPath = /bin/sh;
			shellScript = "\"${PODS_ROOT}/Target Support Files/Pods-FirebaseLogin/Pods-FirebaseLogin-frameworks.sh\"\n";
			showEnvVarsInLog = 0;
		};
/* End PBXShellScriptBuildPhase section */

/* Begin PBXSourcesBuildPhase section */
		882C19FF267641AA00F9A445 /* Sources */ = {
			isa = PBXSourcesBuildPhase;
			buildActionMask = 2147483647;
			files = (
				882C1A0B267641AA00F9A445 /* PublicVC.swift in Sources */,
				885D26D6267A168B00874CFD /* FormInputField.swift in Sources */,
				882C1A48267643FD00F9A445 /* FormStyleUtil.swift in Sources */,
				885D26F7267B8D9500874CFD /* ValidatorsUtil.swift in Sources */,
				885D26BB2679504D00874CFD /* LoginVC.swift in Sources */,
				882C1A5D26765F3000F9A445 /* CustomTextField.swift in Sources */,
				885D26CE2679E40700874CFD /* UIViewController+Extensions.swift in Sources */,
				882C1A07267641AA00F9A445 /* AppDelegate.swift in Sources */,
				885D281A2680834500874CFD /* LoginVM.swift in Sources */,
				882C1A5626765E0700F9A445 /* SignUpVC.swift in Sources */,
				885D26F2267B733400874CFD /* SignUpVM.swift in Sources */,
				882C1A09267641AA00F9A445 /* SceneDelegate.swift in Sources */,
			);
			runOnlyForDeploymentPostprocessing = 0;
		};
		882C1A15267641AC00F9A445 /* Sources */ = {
			isa = PBXSourcesBuildPhase;
			buildActionMask = 2147483647;
			files = (
				882C1A1E267641AC00F9A445 /* FirebaseLoginTests.swift in Sources */,
			);
			runOnlyForDeploymentPostprocessing = 0;
		};
		882C1A20267641AC00F9A445 /* Sources */ = {
			isa = PBXSourcesBuildPhase;
			buildActionMask = 2147483647;
			files = (
				882C1A29267641AC00F9A445 /* FirebaseLoginUITests.swift in Sources */,
			);
			runOnlyForDeploymentPostprocessing = 0;
		};
/* End PBXSourcesBuildPhase section */

/* Begin PBXTargetDependency section */
		882C1A1B267641AC00F9A445 /* PBXTargetDependency */ = {
			isa = PBXTargetDependency;
			target = 882C1A02267641AA00F9A445 /* FirebaseLogin */;
			targetProxy = 882C1A1A267641AC00F9A445 /* PBXContainerItemProxy */;
		};
		882C1A26267641AC00F9A445 /* PBXTargetDependency */ = {
			isa = PBXTargetDependency;
			target = 882C1A02267641AA00F9A445 /* FirebaseLogin */;
			targetProxy = 882C1A25267641AC00F9A445 /* PBXContainerItemProxy */;
		};
/* End PBXTargetDependency section */

/* Begin PBXVariantGroup section */
		882C1A11267641AC00F9A445 /* LaunchScreen.storyboard */ = {
			isa = PBXVariantGroup;
			children = (
				882C1A12267641AC00F9A445 /* Base */,
			);
			name = LaunchScreen.storyboard;
			sourceTree = "<group>";
		};
/* End PBXVariantGroup section */

/* Begin XCBuildConfiguration section */
		882C1A2B267641AC00F9A445 /* Debug */ = {
			isa = XCBuildConfiguration;
			buildSettings = {
				ALWAYS_SEARCH_USER_PATHS = NO;
				CLANG_ANALYZER_NONNULL = YES;
				CLANG_ANALYZER_NUMBER_OBJECT_CONVERSION = YES_AGGRESSIVE;
				CLANG_CXX_LANGUAGE_STANDARD = "gnu++14";
				CLANG_CXX_LIBRARY = "libc++";
				CLANG_ENABLE_MODULES = YES;
				CLANG_ENABLE_OBJC_ARC = YES;
				CLANG_ENABLE_OBJC_WEAK = YES;
				CLANG_WARN_BLOCK_CAPTURE_AUTORELEASING = YES;
				CLANG_WARN_BOOL_CONVERSION = YES;
				CLANG_WARN_COMMA = YES;
				CLANG_WARN_CONSTANT_CONVERSION = YES;
				CLANG_WARN_DEPRECATED_OBJC_IMPLEMENTATIONS = YES;
				CLANG_WARN_DIRECT_OBJC_ISA_USAGE = YES_ERROR;
				CLANG_WARN_DOCUMENTATION_COMMENTS = YES;
				CLANG_WARN_EMPTY_BODY = YES;
				CLANG_WARN_ENUM_CONVERSION = YES;
				CLANG_WARN_INFINITE_RECURSION = YES;
				CLANG_WARN_INT_CONVERSION = YES;
				CLANG_WARN_NON_LITERAL_NULL_CONVERSION = YES;
				CLANG_WARN_OBJC_IMPLICIT_RETAIN_SELF = YES;
				CLANG_WARN_OBJC_LITERAL_CONVERSION = YES;
				CLANG_WARN_OBJC_ROOT_CLASS = YES_ERROR;
				CLANG_WARN_QUOTED_INCLUDE_IN_FRAMEWORK_HEADER = YES;
				CLANG_WARN_RANGE_LOOP_ANALYSIS = YES;
				CLANG_WARN_STRICT_PROTOTYPES = YES;
				CLANG_WARN_SUSPICIOUS_MOVE = YES;
				CLANG_WARN_UNGUARDED_AVAILABILITY = YES_AGGRESSIVE;
				CLANG_WARN_UNREACHABLE_CODE = YES;
				CLANG_WARN__DUPLICATE_METHOD_MATCH = YES;
				COPY_PHASE_STRIP = NO;
				DEBUG_INFORMATION_FORMAT = dwarf;
				ENABLE_STRICT_OBJC_MSGSEND = YES;
				ENABLE_TESTABILITY = YES;
				GCC_C_LANGUAGE_STANDARD = gnu11;
				GCC_DYNAMIC_NO_PIC = NO;
				GCC_NO_COMMON_BLOCKS = YES;
				GCC_OPTIMIZATION_LEVEL = 0;
				GCC_PREPROCESSOR_DEFINITIONS = (
					"DEBUG=1",
					"$(inherited)",
				);
				GCC_WARN_64_TO_32_BIT_CONVERSION = YES;
				GCC_WARN_ABOUT_RETURN_TYPE = YES_ERROR;
				GCC_WARN_UNDECLARED_SELECTOR = YES;
				GCC_WARN_UNINITIALIZED_AUTOS = YES_AGGRESSIVE;
				GCC_WARN_UNUSED_FUNCTION = YES;
				GCC_WARN_UNUSED_VARIABLE = YES;
				IPHONEOS_DEPLOYMENT_TARGET = 14.4;
				MTL_ENABLE_DEBUG_INFO = INCLUDE_SOURCE;
				MTL_FAST_MATH = YES;
				ONLY_ACTIVE_ARCH = YES;
				SDKROOT = iphoneos;
				SWIFT_ACTIVE_COMPILATION_CONDITIONS = DEBUG;
				SWIFT_OPTIMIZATION_LEVEL = "-Onone";
			};
			name = Debug;
		};
		882C1A2C267641AC00F9A445 /* Release */ = {
			isa = XCBuildConfiguration;
			buildSettings = {
				ALWAYS_SEARCH_USER_PATHS = NO;
				CLANG_ANALYZER_NONNULL = YES;
				CLANG_ANALYZER_NUMBER_OBJECT_CONVERSION = YES_AGGRESSIVE;
				CLANG_CXX_LANGUAGE_STANDARD = "gnu++14";
				CLANG_CXX_LIBRARY = "libc++";
				CLANG_ENABLE_MODULES = YES;
				CLANG_ENABLE_OBJC_ARC = YES;
				CLANG_ENABLE_OBJC_WEAK = YES;
				CLANG_WARN_BLOCK_CAPTURE_AUTORELEASING = YES;
				CLANG_WARN_BOOL_CONVERSION = YES;
				CLANG_WARN_COMMA = YES;
				CLANG_WARN_CONSTANT_CONVERSION = YES;
				CLANG_WARN_DEPRECATED_OBJC_IMPLEMENTATIONS = YES;
				CLANG_WARN_DIRECT_OBJC_ISA_USAGE = YES_ERROR;
				CLANG_WARN_DOCUMENTATION_COMMENTS = YES;
				CLANG_WARN_EMPTY_BODY = YES;
				CLANG_WARN_ENUM_CONVERSION = YES;
				CLANG_WARN_INFINITE_RECURSION = YES;
				CLANG_WARN_INT_CONVERSION = YES;
				CLANG_WARN_NON_LITERAL_NULL_CONVERSION = YES;
				CLANG_WARN_OBJC_IMPLICIT_RETAIN_SELF = YES;
				CLANG_WARN_OBJC_LITERAL_CONVERSION = YES;
				CLANG_WARN_OBJC_ROOT_CLASS = YES_ERROR;
				CLANG_WARN_QUOTED_INCLUDE_IN_FRAMEWORK_HEADER = YES;
				CLANG_WARN_RANGE_LOOP_ANALYSIS = YES;
				CLANG_WARN_STRICT_PROTOTYPES = YES;
				CLANG_WARN_SUSPICIOUS_MOVE = YES;
				CLANG_WARN_UNGUARDED_AVAILABILITY = YES_AGGRESSIVE;
				CLANG_WARN_UNREACHABLE_CODE = YES;
				CLANG_WARN__DUPLICATE_METHOD_MATCH = YES;
				COPY_PHASE_STRIP = NO;
				DEBUG_INFORMATION_FORMAT = "dwarf-with-dsym";
				ENABLE_NS_ASSERTIONS = NO;
				ENABLE_STRICT_OBJC_MSGSEND = YES;
				GCC_C_LANGUAGE_STANDARD = gnu11;
				GCC_NO_COMMON_BLOCKS = YES;
				GCC_WARN_64_TO_32_BIT_CONVERSION = YES;
				GCC_WARN_ABOUT_RETURN_TYPE = YES_ERROR;
				GCC_WARN_UNDECLARED_SELECTOR = YES;
				GCC_WARN_UNINITIALIZED_AUTOS = YES_AGGRESSIVE;
				GCC_WARN_UNUSED_FUNCTION = YES;
				GCC_WARN_UNUSED_VARIABLE = YES;
				IPHONEOS_DEPLOYMENT_TARGET = 14.4;
				MTL_ENABLE_DEBUG_INFO = NO;
				MTL_FAST_MATH = YES;
				SDKROOT = iphoneos;
				SWIFT_COMPILATION_MODE = wholemodule;
				SWIFT_OPTIMIZATION_LEVEL = "-O";
				VALIDATE_PRODUCT = YES;
			};
			name = Release;
		};
		882C1A2E267641AC00F9A445 /* Debug */ = {
			isa = XCBuildConfiguration;
			baseConfigurationReference = 9123DB226E4EC1306C0F8E93 /* Pods-FirebaseLogin.debug.xcconfig */;
			buildSettings = {
				ASSETCATALOG_COMPILER_APPICON_NAME = AppIcon;
				ASSETCATALOG_COMPILER_GLOBAL_ACCENT_COLOR_NAME = AccentColor;
				CODE_SIGN_ENTITLEMENTS = FirebaseLogin/FirebaseLogin.entitlements;
				CODE_SIGN_STYLE = Automatic;
				DEVELOPMENT_TEAM = 65S558ZT4U;
				INFOPLIST_FILE = FirebaseLogin/SupportFiles/Info.plist;
				LD_RUNPATH_SEARCH_PATHS = (
					"$(inherited)",
					"@executable_path/Frameworks",
				);
				PRODUCT_BUNDLE_IDENTIFIER = com.bulutoztemur.FirebaseLogin;
				PRODUCT_NAME = "$(TARGET_NAME)";
				SWIFT_VERSION = 5.0;
				TARGETED_DEVICE_FAMILY = "1,2";
			};
			name = Debug;
		};
		882C1A2F267641AC00F9A445 /* Release */ = {
			isa = XCBuildConfiguration;
			baseConfigurationReference = 82135FB0595A2C751DABB081 /* Pods-FirebaseLogin.release.xcconfig */;
			buildSettings = {
				ASSETCATALOG_COMPILER_APPICON_NAME = AppIcon;
				ASSETCATALOG_COMPILER_GLOBAL_ACCENT_COLOR_NAME = AccentColor;
				CODE_SIGN_ENTITLEMENTS = FirebaseLogin/FirebaseLogin.entitlements;
				CODE_SIGN_STYLE = Automatic;
				DEVELOPMENT_TEAM = 65S558ZT4U;
				INFOPLIST_FILE = FirebaseLogin/SupportFiles/Info.plist;
				LD_RUNPATH_SEARCH_PATHS = (
					"$(inherited)",
					"@executable_path/Frameworks",
				);
				PRODUCT_BUNDLE_IDENTIFIER = com.bulutoztemur.FirebaseLogin;
				PRODUCT_NAME = "$(TARGET_NAME)";
				SWIFT_VERSION = 5.0;
				TARGETED_DEVICE_FAMILY = "1,2";
			};
			name = Release;
		};
		882C1A31267641AC00F9A445 /* Debug */ = {
			isa = XCBuildConfiguration;
			baseConfigurationReference = 07713B69B50D2C361D702825 /* Pods-FirebaseLoginTests.debug.xcconfig */;
			buildSettings = {
				ALWAYS_EMBED_SWIFT_STANDARD_LIBRARIES = YES;
				BUNDLE_LOADER = "$(TEST_HOST)";
				CODE_SIGN_STYLE = Automatic;
				DEVELOPMENT_TEAM = 65S558ZT4U;
				INFOPLIST_FILE = FirebaseLogin/SupportFiles/Info.plist;
				IPHONEOS_DEPLOYMENT_TARGET = 14.4;
				LD_RUNPATH_SEARCH_PATHS = (
					"$(inherited)",
					"@executable_path/Frameworks",
					"@loader_path/Frameworks",
				);
				PRODUCT_BUNDLE_IDENTIFIER = com.bulutoztemur.FirebaseLoginTests;
				PRODUCT_NAME = "$(TARGET_NAME)";
				SWIFT_VERSION = 5.0;
				TARGETED_DEVICE_FAMILY = "1,2";
				TEST_HOST = "$(BUILT_PRODUCTS_DIR)/FirebaseLogin.app/FirebaseLogin";
			};
			name = Debug;
		};
		882C1A32267641AC00F9A445 /* Release */ = {
			isa = XCBuildConfiguration;
			baseConfigurationReference = B73876EA0B69AA790367853E /* Pods-FirebaseLoginTests.release.xcconfig */;
			buildSettings = {
				ALWAYS_EMBED_SWIFT_STANDARD_LIBRARIES = YES;
				BUNDLE_LOADER = "$(TEST_HOST)";
				CODE_SIGN_STYLE = Automatic;
				DEVELOPMENT_TEAM = 65S558ZT4U;
				INFOPLIST_FILE = FirebaseLogin/SupportFiles/Info.plist;
				IPHONEOS_DEPLOYMENT_TARGET = 14.4;
				LD_RUNPATH_SEARCH_PATHS = (
					"$(inherited)",
					"@executable_path/Frameworks",
					"@loader_path/Frameworks",
				);
				PRODUCT_BUNDLE_IDENTIFIER = com.bulutoztemur.FirebaseLoginTests;
				PRODUCT_NAME = "$(TARGET_NAME)";
				SWIFT_VERSION = 5.0;
				TARGETED_DEVICE_FAMILY = "1,2";
				TEST_HOST = "$(BUILT_PRODUCTS_DIR)/FirebaseLogin.app/FirebaseLogin";
			};
			name = Release;
		};
		882C1A34267641AC00F9A445 /* Debug */ = {
			isa = XCBuildConfiguration;
			baseConfigurationReference = 8762187777BA5BF7C07F40F1 /* Pods-FirebaseLogin-FirebaseLoginUITests.debug.xcconfig */;
			buildSettings = {
				ALWAYS_EMBED_SWIFT_STANDARD_LIBRARIES = YES;
				CODE_SIGN_STYLE = Automatic;
				DEVELOPMENT_TEAM = 65S558ZT4U;
				INFOPLIST_FILE = FirebaseLogin/SupportFiles/Info.plist;
				LD_RUNPATH_SEARCH_PATHS = (
					"$(inherited)",
					"@executable_path/Frameworks",
					"@loader_path/Frameworks",
				);
				PRODUCT_BUNDLE_IDENTIFIER = com.bulutoztemur.FirebaseLoginUITests;
				PRODUCT_NAME = "$(TARGET_NAME)";
				SWIFT_VERSION = 5.0;
				TARGETED_DEVICE_FAMILY = "1,2";
				TEST_TARGET_NAME = FirebaseLogin;
			};
			name = Debug;
		};
		882C1A35267641AC00F9A445 /* Release */ = {
			isa = XCBuildConfiguration;
			baseConfigurationReference = B701E47196D7819DD821113C /* Pods-FirebaseLogin-FirebaseLoginUITests.release.xcconfig */;
			buildSettings = {
				ALWAYS_EMBED_SWIFT_STANDARD_LIBRARIES = YES;
				CODE_SIGN_STYLE = Automatic;
				DEVELOPMENT_TEAM = 65S558ZT4U;
				INFOPLIST_FILE = FirebaseLogin/SupportFiles/Info.plist;
				LD_RUNPATH_SEARCH_PATHS = (
					"$(inherited)",
					"@executable_path/Frameworks",
					"@loader_path/Frameworks",
				);
				PRODUCT_BUNDLE_IDENTIFIER = com.bulutoztemur.FirebaseLoginUITests;
				PRODUCT_NAME = "$(TARGET_NAME)";
				SWIFT_VERSION = 5.0;
				TARGETED_DEVICE_FAMILY = "1,2";
				TEST_TARGET_NAME = FirebaseLogin;
			};
			name = Release;
		};
/* End XCBuildConfiguration section */

/* Begin XCConfigurationList section */
		882C19FE267641AA00F9A445 /* Build configuration list for PBXProject "FirebaseLogin" */ = {
			isa = XCConfigurationList;
			buildConfigurations = (
				882C1A2B267641AC00F9A445 /* Debug */,
				882C1A2C267641AC00F9A445 /* Release */,
			);
			defaultConfigurationIsVisible = 0;
			defaultConfigurationName = Release;
		};
		882C1A2D267641AC00F9A445 /* Build configuration list for PBXNativeTarget "FirebaseLogin" */ = {
			isa = XCConfigurationList;
			buildConfigurations = (
				882C1A2E267641AC00F9A445 /* Debug */,
				882C1A2F267641AC00F9A445 /* Release */,
			);
			defaultConfigurationIsVisible = 0;
			defaultConfigurationName = Release;
		};
		882C1A30267641AC00F9A445 /* Build configuration list for PBXNativeTarget "FirebaseLoginTests" */ = {
			isa = XCConfigurationList;
			buildConfigurations = (
				882C1A31267641AC00F9A445 /* Debug */,
				882C1A32267641AC00F9A445 /* Release */,
			);
			defaultConfigurationIsVisible = 0;
			defaultConfigurationName = Release;
		};
		882C1A33267641AC00F9A445 /* Build configuration list for PBXNativeTarget "FirebaseLoginUITests" */ = {
			isa = XCConfigurationList;
			buildConfigurations = (
				882C1A34267641AC00F9A445 /* Debug */,
				882C1A35267641AC00F9A445 /* Release */,
			);
			defaultConfigurationIsVisible = 0;
			defaultConfigurationName = Release;
		};
/* End XCConfigurationList section */
	};
	rootObject = 882C19FB267641AA00F9A445 /* Project object */;
}
