// !$*UTF8*$!
{
	archiveVersion = 1;
	classes = {
	};
	objectVersion = 50;
	objects = {

/* Begin PBXBuildFile section */
		882C1A07267641AA00F9A445 /* AppDelegate.swift in Sources */ = {isa = PBXBuildFile; fileRef = 882C1A06267641AA00F9A445 /* AppDelegate.swift */; };
		882C1A09267641AA00F9A445 /* SceneDelegate.swift in Sources */ = {isa = PBXBuildFile; fileRef = 882C1A08267641AA00F9A445 /* SceneDelegate.swift */; };
		882C1A0B267641AA00F9A445 /* ViewController.swift in Sources */ = {isa = PBXBuildFile; fileRef = 882C1A0A267641AA00F9A445 /* ViewController.swift */; };
		882C1A0E267641AA00F9A445 /* Main.storyboard in Resources */ = {isa = PBXBuildFile; fileRef = 882C1A0C267641AA00F9A445 /* Main.storyboard */; };
		882C1A10267641AC00F9A445 /* Assets.xcassets in Resources */ = {isa = PBXBuildFile; fileRef = 882C1A0F267641AC00F9A445 /* Assets.xcassets */; };
		882C1A13267641AC00F9A445 /* LaunchScreen.storyboard in Resources */ = {isa = PBXBuildFile; fileRef = 882C1A11267641AC00F9A445 /* LaunchScreen.storyboard */; };
		882C1A1E267641AC00F9A445 /* FirebaseLoginTests.swift in Sources */ = {isa = PBXBuildFile; fileRef = 882C1A1D267641AC00F9A445 /* FirebaseLoginTests.swift */; };
		882C1A29267641AC00F9A445 /* FirebaseLoginUITests.swift in Sources */ = {isa = PBXBuildFile; fileRef = 882C1A28267641AC00F9A445 /* FirebaseLoginUITests.swift */; };
/* End PBXBuildFile section */

/* Begin PBXContainerItemProxy section */
		882C1A1A267641AC00F9A445 /* PBXContainerItemProxy */ = {
			isa = PBXContainerItemProxy;
			containerPortal = 882C19FB267641AA00F9A445 /* Project object */;
			proxyType = 1;
			remoteGlobalIDString = 882C1A02267641AA00F9A445;
			remoteInfo = FirebaseLogin;
		};
		882C1A25267641AC00F9A445 /* PBXContainerItemProxy */ = {
			isa = PBXContainerItemProxy;
			containerPortal = 882C19FB267641AA00F9A445 /* Project object */;
			proxyType = 1;
			remoteGlobalIDString = 882C1A02267641AA00F9A445;
			remoteInfo = FirebaseLogin;
		};
/* End PBXContainerItemProxy section */

/* Begin PBXFileReference section */
		882C1A03267641AA00F9A445 /* FirebaseLogin.app */ = {isa = PBXFileReference; explicitFileType = wrapper.application; includeInIndex = 0; path = FirebaseLogin.app; sourceTree = BUILT_PRODUCTS_DIR; };
		882C1A06267641AA00F9A445 /* AppDelegate.swift */ = {isa = PBXFileReference; lastKnownFileType = sourcecode.swift; path = AppDelegate.swift; sourceTree = "<group>"; };
		882C1A08267641AA00F9A445 /* SceneDelegate.swift */ = {isa = PBXFileReference; lastKnownFileType = sourcecode.swift; path = SceneDelegate.swift; sourceTree = "<group>"; };
		882C1A0A267641AA00F9A445 /* ViewController.swift */ = {isa = PBXFileReference; lastKnownFileType = sourcecode.swift; path = ViewController.swift; sourceTree = "<group>"; };
		882C1A0D267641AA00F9A445 /* Base */ = {isa = PBXFileReference; lastKnownFileType = file.storyboard; name = Base; path = Base.lproj/Main.storyboard; sourceTree = "<group>"; };
		882C1A0F267641AC00F9A445 /* Assets.xcassets */ = {isa = PBXFileReference; lastKnownFileType = folder.assetcatalog; path = Assets.xcassets; sourceTree = "<group>"; };
		882C1A12267641AC00F9A445 /* Base */ = {isa = PBXFileReference; lastKnownFileType = file.storyboard; name = Base; path = Base.lproj/LaunchScreen.storyboard; sourceTree = "<group>"; };
		882C1A14267641AC00F9A445 /* Info.plist */ = {isa = PBXFileReference; lastKnownFileType = text.plist.xml; path = Info.plist; sourceTree = "<group>"; };
		882C1A19267641AC00F9A445 /* FirebaseLoginTests.xctest */ = {isa = PBXFileReference; explicitFileType = wrapper.cfbundle; includeInIndex = 0; path = FirebaseLoginTests.xctest; sourceTree = BUILT_PRODUCTS_DIR; };
		882C1A1D267641AC00F9A445 /* FirebaseLoginTests.swift */ = {isa = PBXFileReference; lastKnownFileType = sourcecode.swift; path = FirebaseLoginTests.swift; sourceTree = "<group>"; };
		882C1A1F267641AC00F9A445 /* Info.plist */ = {isa = PBXFileReference; lastKnownFileType = text.plist.xml; path = Info.plist; sourceTree = "<group>"; };
		882C1A24267641AC00F9A445 /* FirebaseLoginUITests.xctest */ = {isa = PBXFileReference; explicitFileType = wrapper.cfbundle; includeInIndex = 0; path = FirebaseLoginUITests.xctest; sourceTree = BUILT_PRODUCTS_DIR; };
		882C1A28267641AC00F9A445 /* FirebaseLoginUITests.swift */ = {isa = PBXFileReference; lastKnownFileType = sourcecode.swift; path = FirebaseLoginUITests.swift; sourceTree = "<group>"; };
		882C1A2A267641AC00F9A445 /* Info.plist */ = {isa = PBXFileReference; lastKnownFileType = text.plist.xml; path = Info.plist; sourceTree = "<group>"; };
/* End PBXFileReference section */

/* Begin PBXFrameworksBuildPhase section */
		882C1A00267641AA00F9A445 /* Frameworks */ = {
			isa = PBXFrameworksBuildPhase;
			buildActionMask = 2147483647;
			files = (
			);
			runOnlyForDeploymentPostprocessing = 0;
		};
		882C1A16267641AC00F9A445 /* Frameworks */ = {
			isa = PBXFrameworksBuildPhase;
			buildActionMask = 2147483647;
			files = (
			);
			runOnlyForDeploymentPostprocessing = 0;
		};
		882C1A21267641AC00F9A445 /* Frameworks */ = {
			isa = PBXFrameworksBuildPhase;
			buildActionMask = 2147483647;
			files = (
			);
			runOnlyForDeploymentPostprocessing = 0;
		};
/* End PBXFrameworksBuildPhase section */

/* Begin PBXGroup section */
		882C19FA267641AA00F9A445 = {
			isa = PBXGroup;
			children = (
				882C1A05267641AA00F9A445 /* FirebaseLogin */,
				882C1A1C267641AC00F9A445 /* FirebaseLoginTests */,
				882C1A27267641AC00F9A445 /* FirebaseLoginUITests */,
				882C1A04267641AA00F9A445 /* Products */,
			);
			sourceTree = "<group>";
		};
		882C1A04267641AA00F9A445 /* Products */ = {
			isa = PBXGroup;
			children = (
				882C1A03267641AA00F9A445 /* FirebaseLogin.app */,
				882C1A19267641AC00F9A445 /* FirebaseLoginTests.xctest */,
				882C1A24267641AC00F9A445 /* FirebaseLoginUITests.xctest */,
			);
			name = Products;
			sourceTree = "<group>";
		};
		882C1A05267641AA00F9A445 /* FirebaseLogin */ = {
			isa = PBXGroup;
			children = (
				882C1A06267641AA00F9A445 /* AppDelegate.swift */,
				882C1A08267641AA00F9A445 /* SceneDelegate.swift */,
				882C1A0A267641AA00F9A445 /* ViewController.swift */,
				882C1A0C267641AA00F9A445 /* Main.storyboard */,
				882C1A0F267641AC00F9A445 /* Assets.xcassets */,
				882C1A11267641AC00F9A445 /* LaunchScreen.storyboard */,
				882C1A14267641AC00F9A445 /* Info.plist */,
			);
			path = FirebaseLogin;
			sourceTree = "<group>";
		};
		882C1A1C267641AC00F9A445 /* FirebaseLoginTests */ = {
			isa = PBXGroup;
			children = (
				882C1A1D267641AC00F9A445 /* FirebaseLoginTests.swift */,
				882C1A1F267641AC00F9A445 /* Info.plist */,
			);
			path = FirebaseLoginTests;
			sourceTree = "<group>";
		};
		882C1A27267641AC00F9A445 /* FirebaseLoginUITests */ = {
			isa = PBXGroup;
			children = (
				882C1A28267641AC00F9A445 /* FirebaseLoginUITests.swift */,
				882C1A2A267641AC00F9A445 /* Info.plist */,
			);
			path = FirebaseLoginUITests;
			sourceTree = "<group>";
		};
/* End PBXGroup section */

/* Begin PBXNativeTarget section */
		882C1A02267641AA00F9A445 /* FirebaseLogin */ = {
			isa = PBXNativeTarget;
			buildConfigurationList = 882C1A2D267641AC00F9A445 /* Build configuration list for PBXNativeTarget "FirebaseLogin" */;
			buildPhases = (
				882C19FF267641AA00F9A445 /* Sources */,
				882C1A00267641AA00F9A445 /* Frameworks */,
				882C1A01267641AA00F9A445 /* Resources */,
			);
			buildRules = (
			);
			dependencies = (
			);
			name = FirebaseLogin;
			productName = FirebaseLogin;
			productReference = 882C1A03267641AA00F9A445 /* FirebaseLogin.app */;
			productType = "com.apple.product-type.application";
		};
		882C1A18267641AC00F9A445 /* FirebaseLoginTests */ = {
			isa = PBXNativeTarget;
			buildConfigurationList = 882C1A30267641AC00F9A445 /* Build configuration list for PBXNativeTarget "FirebaseLoginTests" */;
			buildPhases = (
				882C1A15267641AC00F9A445 /* Sources */,
				882C1A16267641AC00F9A445 /* Frameworks */,
				882C1A17267641AC00F9A445 /* Resources */,
			);
			buildRules = (
			);
			dependencies = (
				882C1A1B267641AC00F9A445 /* PBXTargetDependency */,
			);
			name = FirebaseLoginTests;
			productName = FirebaseLoginTests;
			productReference = 882C1A19267641AC00F9A445 /* FirebaseLoginTests.xctest */;
			productType = "com.apple.product-type.bundle.unit-test";
		};
		882C1A23267641AC00F9A445 /* FirebaseLoginUITests */ = {
			isa = PBXNativeTarget;
			buildConfigurationList = 882C1A33267641AC00F9A445 /* Build configuration list for PBXNativeTarget "FirebaseLoginUITests" */;
			buildPhases = (
				882C1A20267641AC00F9A445 /* Sources */,
				882C1A21267641AC00F9A445 /* Frameworks */,
				882C1A22267641AC00F9A445 /* Resources */,
			);
			buildRules = (
			);
			dependencies = (
				882C1A26267641AC00F9A445 /* PBXTargetDependency */,
			);
			name = FirebaseLoginUITests;
			productName = FirebaseLoginUITests;
			productReference = 882C1A24267641AC00F9A445 /* FirebaseLoginUITests.xctest */;
			productType = "com.apple.product-type.bundle.ui-testing";
		};
/* End PBXNativeTarget section */

/* Begin PBXProject section */
		882C19FB267641AA00F9A445 /* Project object */ = {
			isa = PBXProject;
			attributes = {
				LastSwiftUpdateCheck = 1240;
				LastUpgradeCheck = 1240;
				TargetAttributes = {
					882C1A02267641AA00F9A445 = {
						CreatedOnToolsVersion = 12.4;
					};
					882C1A18267641AC00F9A445 = {
						CreatedOnToolsVersion = 12.4;
						TestTargetID = 882C1A02267641AA00F9A445;
					};
					882C1A23267641AC00F9A445 = {
						CreatedOnToolsVersion = 12.4;
						TestTargetID = 882C1A02267641AA00F9A445;
					};
				};
			};
			buildConfigurationList = 882C19FE267641AA00F9A445 /* Build configuration list for PBXProject "FirebaseLogin" */;
			compatibilityVersion = "Xcode 9.3";
			developmentRegion = en;
			hasScannedForEncodings = 0;
			knownRegions = (
				en,
				Base,
			);
			mainGroup = 882C19FA267641AA00F9A445;
			productRefGroup = 882C1A04267641AA00F9A445 /* Products */;
			projectDirPath = "";
			projectRoot = "";
			targets = (
				882C1A02267641AA00F9A445 /* FirebaseLogin */,
				882C1A18267641AC00F9A445 /* FirebaseLoginTests */,
				882C1A23267641AC00F9A445 /* FirebaseLoginUITests */,
			);
		};
/* End PBXProject section */

/* Begin PBXResourcesBuildPhase section */
		882C1A01267641AA00F9A445 /* Resources */ = {
			isa = PBXResourcesBuildPhase;
			buildActionMask = 2147483647;
			files = (
				882C1A13267641AC00F9A445 /* LaunchScreen.storyboard in Resources */,
				882C1A10267641AC00F9A445 /* Assets.xcassets in Resources */,
				882C1A0E267641AA00F9A445 /* Main.storyboard in Resources */,
			);
			runOnlyForDeploymentPostprocessing = 0;
		};
		882C1A17267641AC00F9A445 /* Resources */ = {
			isa = PBXResourcesBuildPhase;
			buildActionMask = 2147483647;
			files = (
			);
			runOnlyForDeploymentPostprocessing = 0;
		};
		882C1A22267641AC00F9A445 /* Resources */ = {
			isa = PBXResourcesBuildPhase;
			buildActionMask = 2147483647;
			files = (
			);
			runOnlyForDeploymentPostprocessing = 0;
		};
/* End PBXResourcesBuildPhase section */

/* Begin PBXSourcesBuildPhase section */
		882C19FF267641AA00F9A445 /* Sources */ = {
			isa = PBXSourcesBuildPhase;
			buildActionMask = 2147483647;
			files = (
				882C1A0B267641AA00F9A445 /* ViewController.swift in Sources */,
				882C1A07267641AA00F9A445 /* AppDelegate.swift in Sources */,
				882C1A09267641AA00F9A445 /* SceneDelegate.swift in Sources */,
			);
			runOnlyForDeploymentPostprocessing = 0;
		};
		882C1A15267641AC00F9A445 /* Sources */ = {
			isa = PBXSourcesBuildPhase;
			buildActionMask = 2147483647;
			files = (
				882C1A1E267641AC00F9A445 /* FirebaseLoginTests.swift in Sources */,
			);
			runOnlyForDeploymentPostprocessing = 0;
		};
		882C1A20267641AC00F9A445 /* Sources */ = {
			isa = PBXSourcesBuildPhase;
			buildActionMask = 2147483647;
			files = (
				882C1A29267641AC00F9A445 /* FirebaseLoginUITests.swift in Sources */,
			);
			runOnlyForDeploymentPostprocessing = 0;
		};
/* End PBXSourcesBuildPhase section */

/* Begin PBXTargetDependency section */
		882C1A1B267641AC00F9A445 /* PBXTargetDependency */ = {
			isa = PBXTargetDependency;
			target = 882C1A02267641AA00F9A445 /* FirebaseLogin */;
			targetProxy = 882C1A1A267641AC00F9A445 /* PBXContainerItemProxy */;
		};
		882C1A26267641AC00F9A445 /* PBXTargetDependency */ = {
			isa = PBXTargetDependency;
			target = 882C1A02267641AA00F9A445 /* FirebaseLogin */;
			targetProxy = 882C1A25267641AC00F9A445 /* PBXContainerItemProxy */;
		};
/* End PBXTargetDependency section */

/* Begin PBXVariantGroup section */
		882C1A0C267641AA00F9A445 /* Main.storyboard */ = {
			isa = PBXVariantGroup;
			children = (
				882C1A0D267641AA00F9A445 /* Base */,
			);
			name = Main.storyboard;
			sourceTree = "<group>";
		};
		882C1A11267641AC00F9A445 /* LaunchScreen.storyboard */ = {
			isa = PBXVariantGroup;
			children = (
				882C1A12267641AC00F9A445 /* Base */,
			);
			name = LaunchScreen.storyboard;
			sourceTree = "<group>";
		};
/* End PBXVariantGroup section */

/* Begin XCBuildConfiguration section */
		882C1A2B267641AC00F9A445 /* Debug */ = {
			isa = XCBuildConfiguration;
			buildSettings = {
				ALWAYS_SEARCH_USER_PATHS = NO;
				CLANG_ANALYZER_NONNULL = YES;
				CLANG_ANALYZER_NUMBER_OBJECT_CONVERSION = YES_AGGRESSIVE;
				CLANG_CXX_LANGUAGE_STANDARD = "gnu++14";
				CLANG_CXX_LIBRARY = "libc++";
				CLANG_ENABLE_MODULES = YES;
				CLANG_ENABLE_OBJC_ARC = YES;
				CLANG_ENABLE_OBJC_WEAK = YES;
				CLANG_WARN_BLOCK_CAPTURE_AUTORELEASING = YES;
				CLANG_WARN_BOOL_CONVERSION = YES;
				CLANG_WARN_COMMA = YES;
				CLANG_WARN_CONSTANT_CONVERSION = YES;
				CLANG_WARN_DEPRECATED_OBJC_IMPLEMENTATIONS = YES;
				CLANG_WARN_DIRECT_OBJC_ISA_USAGE = YES_ERROR;
				CLANG_WARN_DOCUMENTATION_COMMENTS = YES;
				CLANG_WARN_EMPTY_BODY = YES;
				CLANG_WARN_ENUM_CONVERSION = YES;
				CLANG_WARN_INFINITE_RECURSION = YES;
				CLANG_WARN_INT_CONVERSION = YES;
				CLANG_WARN_NON_LITERAL_NULL_CONVERSION = YES;
				CLANG_WARN_OBJC_IMPLICIT_RETAIN_SELF = YES;
				CLANG_WARN_OBJC_LITERAL_CONVERSION = YES;
				CLANG_WARN_OBJC_ROOT_CLASS = YES_ERROR;
				CLANG_WARN_QUOTED_INCLUDE_IN_FRAMEWORK_HEADER = YES;
				CLANG_WARN_RANGE_LOOP_ANALYSIS = YES;
				CLANG_WARN_STRICT_PROTOTYPES = YES;
				CLANG_WARN_SUSPICIOUS_MOVE = YES;
				CLANG_WARN_UNGUARDED_AVAILABILITY = YES_AGGRESSIVE;
				CLANG_WARN_UNREACHABLE_CODE = YES;
				CLANG_WARN__DUPLICATE_METHOD_MATCH = YES;
				COPY_PHASE_STRIP = NO;
				DEBUG_INFORMATION_FORMAT = dwarf;
				ENABLE_STRICT_OBJC_MSGSEND = YES;
				ENABLE_TESTABILITY = YES;
				GCC_C_LANGUAGE_STANDARD = gnu11;
				GCC_DYNAMIC_NO_PIC = NO;
				GCC_NO_COMMON_BLOCKS = YES;
				GCC_OPTIMIZATION_LEVEL = 0;
				GCC_PREPROCESSOR_DEFINITIONS = (
					"DEBUG=1",
					"$(inherited)",
				);
				GCC_WARN_64_TO_32_BIT_CONVERSION = YES;
				GCC_WARN_ABOUT_RETURN_TYPE = YES_ERROR;
				GCC_WARN_UNDECLARED_SELECTOR = YES;
				GCC_WARN_UNINITIALIZED_AUTOS = YES_AGGRESSIVE;
				GCC_WARN_UNUSED_FUNCTION = YES;
				GCC_WARN_UNUSED_VARIABLE = YES;
				IPHONEOS_DEPLOYMENT_TARGET = 14.4;
				MTL_ENABLE_DEBUG_INFO = INCLUDE_SOURCE;
				MTL_FAST_MATH = YES;
				ONLY_ACTIVE_ARCH = YES;
				SDKROOT = iphoneos;
				SWIFT_ACTIVE_COMPILATION_CONDITIONS = DEBUG;
				SWIFT_OPTIMIZATION_LEVEL = "-Onone";
			};
			name = Debug;
		};
		882C1A2C267641AC00F9A445 /* Release */ = {
			isa = XCBuildConfiguration;
			buildSettings = {
				ALWAYS_SEARCH_USER_PATHS = NO;
				CLANG_ANALYZER_NONNULL = YES;
				CLANG_ANALYZER_NUMBER_OBJECT_CONVERSION = YES_AGGRESSIVE;
				CLANG_CXX_LANGUAGE_STANDARD = "gnu++14";
				CLANG_CXX_LIBRARY = "libc++";
				CLANG_ENABLE_MODULES = YES;
				CLANG_ENABLE_OBJC_ARC = YES;
				CLANG_ENABLE_OBJC_WEAK = YES;
				CLANG_WARN_BLOCK_CAPTURE_AUTORELEASING = YES;
				CLANG_WARN_BOOL_CONVERSION = YES;
				CLANG_WARN_COMMA = YES;
				CLANG_WARN_CONSTANT_CONVERSION = YES;
				CLANG_WARN_DEPRECATED_OBJC_IMPLEMENTATIONS = YES;
				CLANG_WARN_DIRECT_OBJC_ISA_USAGE = YES_ERROR;
				CLANG_WARN_DOCUMENTATION_COMMENTS = YES;
				CLANG_WARN_EMPTY_BODY = YES;
				CLANG_WARN_ENUM_CONVERSION = YES;
				CLANG_WARN_INFINITE_RECURSION = YES;
				CLANG_WARN_INT_CONVERSION = YES;
				CLANG_WARN_NON_LITERAL_NULL_CONVERSION = YES;
				CLANG_WARN_OBJC_IMPLICIT_RETAIN_SELF = YES;
				CLANG_WARN_OBJC_LITERAL_CONVERSION = YES;
				CLANG_WARN_OBJC_ROOT_CLASS = YES_ERROR;
				CLANG_WARN_QUOTED_INCLUDE_IN_FRAMEWORK_HEADER = YES;
				CLANG_WARN_RANGE_LOOP_ANALYSIS = YES;
				CLANG_WARN_STRICT_PROTOTYPES = YES;
				CLANG_WARN_SUSPICIOUS_MOVE = YES;
				CLANG_WARN_UNGUARDED_AVAILABILITY = YES_AGGRESSIVE;
				CLANG_WARN_UNREACHABLE_CODE = YES;
				CLANG_WARN__DUPLICATE_METHOD_MATCH = YES;
				COPY_PHASE_STRIP = NO;
				DEBUG_INFORMATION_FORMAT = "dwarf-with-dsym";
				ENABLE_NS_ASSERTIONS = NO;
				ENABLE_STRICT_OBJC_MSGSEND = YES;
				GCC_C_LANGUAGE_STANDARD = gnu11;
				GCC_NO_COMMON_BLOCKS = YES;
				GCC_WARN_64_TO_32_BIT_CONVERSION = YES;
				GCC_WARN_ABOUT_RETURN_TYPE = YES_ERROR;
				GCC_WARN_UNDECLARED_SELECTOR = YES;
				GCC_WARN_UNINITIALIZED_AUTOS = YES_AGGRESSIVE;
				GCC_WARN_UNUSED_FUNCTION = YES;
				GCC_WARN_UNUSED_VARIABLE = YES;
				IPHONEOS_DEPLOYMENT_TARGET = 14.4;
				MTL_ENABLE_DEBUG_INFO = NO;
				MTL_FAST_MATH = YES;
				SDKROOT = iphoneos;
				SWIFT_COMPILATION_MODE = wholemodule;
				SWIFT_OPTIMIZATION_LEVEL = "-O";
				VALIDATE_PRODUCT = YES;
			};
			name = Release;
		};
		882C1A2E267641AC00F9A445 /* Debug */ = {
			isa = XCBuildConfiguration;
			buildSettings = {
				ASSETCATALOG_COMPILER_APPICON_NAME = AppIcon;
				ASSETCATALOG_COMPILER_GLOBAL_ACCENT_COLOR_NAME = AccentColor;
				CODE_SIGN_STYLE = Automatic;
				DEVELOPMENT_TEAM = 65S558ZT4U;
				INFOPLIST_FILE = FirebaseLogin/Info.plist;
				LD_RUNPATH_SEARCH_PATHS = (
					"$(inherited)",
					"@executable_path/Frameworks",
				);
				PRODUCT_BUNDLE_IDENTIFIER = com.bulutoztemur.FirebaseLogin;
				PRODUCT_NAME = "$(TARGET_NAME)";
				SWIFT_VERSION = 5.0;
				TARGETED_DEVICE_FAMILY = "1,2";
			};
			name = Debug;
		};
		882C1A2F267641AC00F9A445 /* Release */ = {
			isa = XCBuildConfiguration;
			buildSettings = {
				ASSETCATALOG_COMPILER_APPICON_NAME = AppIcon;
				ASSETCATALOG_COMPILER_GLOBAL_ACCENT_COLOR_NAME = AccentColor;
				CODE_SIGN_STYLE = Automatic;
				DEVELOPMENT_TEAM = 65S558ZT4U;
				INFOPLIST_FILE = FirebaseLogin/Info.plist;
				LD_RUNPATH_SEARCH_PATHS = (
					"$(inherited)",
					"@executable_path/Frameworks",
				);
				PRODUCT_BUNDLE_IDENTIFIER = com.bulutoztemur.FirebaseLogin;
				PRODUCT_NAME = "$(TARGET_NAME)";
				SWIFT_VERSION = 5.0;
				TARGETED_DEVICE_FAMILY = "1,2";
			};
			name = Release;
		};
		882C1A31267641AC00F9A445 /* Debug */ = {
			isa = XCBuildConfiguration;
			buildSettings = {
				ALWAYS_EMBED_SWIFT_STANDARD_LIBRARIES = YES;
				BUNDLE_LOADER = "$(TEST_HOST)";
				CODE_SIGN_STYLE = Automatic;
				DEVELOPMENT_TEAM = 65S558ZT4U;
				INFOPLIST_FILE = FirebaseLoginTests/Info.plist;
				IPHONEOS_DEPLOYMENT_TARGET = 14.4;
				LD_RUNPATH_SEARCH_PATHS = (
					"$(inherited)",
					"@executable_path/Frameworks",
					"@loader_path/Frameworks",
				);
				PRODUCT_BUNDLE_IDENTIFIER = com.bulutoztemur.FirebaseLoginTests;
				PRODUCT_NAME = "$(TARGET_NAME)";
				SWIFT_VERSION = 5.0;
				TARGETED_DEVICE_FAMILY = "1,2";
				TEST_HOST = "$(BUILT_PRODUCTS_DIR)/FirebaseLogin.app/FirebaseLogin";
			};
			name = Debug;
		};
		882C1A32267641AC00F9A445 /* Release */ = {
			isa = XCBuildConfiguration;
			buildSettings = {
				ALWAYS_EMBED_SWIFT_STANDARD_LIBRARIES = YES;
				BUNDLE_LOADER = "$(TEST_HOST)";
				CODE_SIGN_STYLE = Automatic;
				DEVELOPMENT_TEAM = 65S558ZT4U;
				INFOPLIST_FILE = FirebaseLoginTests/Info.plist;
				IPHONEOS_DEPLOYMENT_TARGET = 14.4;
				LD_RUNPATH_SEARCH_PATHS = (
					"$(inherited)",
					"@executable_path/Frameworks",
					"@loader_path/Frameworks",
				);
				PRODUCT_BUNDLE_IDENTIFIER = com.bulutoztemur.FirebaseLoginTests;
				PRODUCT_NAME = "$(TARGET_NAME)";
				SWIFT_VERSION = 5.0;
				TARGETED_DEVICE_FAMILY = "1,2";
				TEST_HOST = "$(BUILT_PRODUCTS_DIR)/FirebaseLogin.app/FirebaseLogin";
			};
			name = Release;
		};
		882C1A34267641AC00F9A445 /* Debug */ = {
			isa = XCBuildConfiguration;
			buildSettings = {
				ALWAYS_EMBED_SWIFT_STANDARD_LIBRARIES = YES;
				CODE_SIGN_STYLE = Automatic;
				DEVELOPMENT_TEAM = 65S558ZT4U;
				INFOPLIST_FILE = FirebaseLoginUITests/Info.plist;
				LD_RUNPATH_SEARCH_PATHS = (
					"$(inherited)",
					"@executable_path/Frameworks",
					"@loader_path/Frameworks",
				);
				PRODUCT_BUNDLE_IDENTIFIER = com.bulutoztemur.FirebaseLoginUITests;
				PRODUCT_NAME = "$(TARGET_NAME)";
				SWIFT_VERSION = 5.0;
				TARGETED_DEVICE_FAMILY = "1,2";
				TEST_TARGET_NAME = FirebaseLogin;
			};
			name = Debug;
		};
		882C1A35267641AC00F9A445 /* Release */ = {
			isa = XCBuildConfiguration;
			buildSettings = {
				ALWAYS_EMBED_SWIFT_STANDARD_LIBRARIES = YES;
				CODE_SIGN_STYLE = Automatic;
				DEVELOPMENT_TEAM = 65S558ZT4U;
				INFOPLIST_FILE = FirebaseLoginUITests/Info.plist;
				LD_RUNPATH_SEARCH_PATHS = (
					"$(inherited)",
					"@executable_path/Frameworks",
					"@loader_path/Frameworks",
				);
				PRODUCT_BUNDLE_IDENTIFIER = com.bulutoztemur.FirebaseLoginUITests;
				PRODUCT_NAME = "$(TARGET_NAME)";
				SWIFT_VERSION = 5.0;
				TARGETED_DEVICE_FAMILY = "1,2";
				TEST_TARGET_NAME = FirebaseLogin;
			};
			name = Release;
		};
/* End XCBuildConfiguration section */

/* Begin XCConfigurationList section */
		882C19FE267641AA00F9A445 /* Build configuration list for PBXProject "FirebaseLogin" */ = {
			isa = XCConfigurationList;
			buildConfigurations = (
				882C1A2B267641AC00F9A445 /* Debug */,
				882C1A2C267641AC00F9A445 /* Release */,
			);
			defaultConfigurationIsVisible = 0;
			defaultConfigurationName = Release;
		};
		882C1A2D267641AC00F9A445 /* Build configuration list for PBXNativeTarget "FirebaseLogin" */ = {
			isa = XCConfigurationList;
			buildConfigurations = (
				882C1A2E267641AC00F9A445 /* Debug */,
				882C1A2F267641AC00F9A445 /* Release */,
			);
			defaultConfigurationIsVisible = 0;
			defaultConfigurationName = Release;
		};
		882C1A30267641AC00F9A445 /* Build configuration list for PBXNativeTarget "FirebaseLoginTests" */ = {
			isa = XCConfigurationList;
			buildConfigurations = (
				882C1A31267641AC00F9A445 /* Debug */,
				882C1A32267641AC00F9A445 /* Release */,
			);
			defaultConfigurationIsVisible = 0;
			defaultConfigurationName = Release;
		};
		882C1A33267641AC00F9A445 /* Build configuration list for PBXNativeTarget "FirebaseLoginUITests" */ = {
			isa = XCConfigurationList;
			buildConfigurations = (
				882C1A34267641AC00F9A445 /* Debug */,
				882C1A35267641AC00F9A445 /* Release */,
			);
			defaultConfigurationIsVisible = 0;
			defaultConfigurationName = Release;
		};
/* End XCConfigurationList section */
	};
	rootObject = 882C19FB267641AA00F9A445 /* Project object */;
}
